// !$*UTF8*$!
{
	archiveVersion = 1;
	classes = {
	};
	objectVersion = 46;
	objects = {

/* Begin PBXBuildFile section */
		F46B4FC31A115381008A730F /* AppDelegate.swift in Sources */ = {isa = PBXBuildFile; fileRef = F46B4FC21A115381008A730F /* AppDelegate.swift */; };
		F46B4FC51A115381008A730F /* ViewController.swift in Sources */ = {isa = PBXBuildFile; fileRef = F46B4FC41A115381008A730F /* ViewController.swift */; };
		F46B4FC81A115381008A730F /* Main.storyboard in Resources */ = {isa = PBXBuildFile; fileRef = F46B4FC61A115381008A730F /* Main.storyboard */; };
		F46B4FCA1A115381008A730F /* Images.xcassets in Resources */ = {isa = PBXBuildFile; fileRef = F46B4FC91A115381008A730F /* Images.xcassets */; };
		F46B4FCD1A115381008A730F /* LaunchScreen.xib in Resources */ = {isa = PBXBuildFile; fileRef = F46B4FCB1A115381008A730F /* LaunchScreen.xib */; };
		F46B4FD91A115381008A730F /* PostcardTests.swift in Sources */ = {isa = PBXBuildFile; fileRef = F46B4FD81A115381008A730F /* PostcardTests.swift */; };
/* End PBXBuildFile section */

/* Begin PBXContainerItemProxy section */
		F46B4FD31A115381008A730F /* PBXContainerItemProxy */ = {
			isa = PBXContainerItemProxy;
			containerPortal = F46B4FB51A115381008A730F /* Project object */;
			proxyType = 1;
			remoteGlobalIDString = F46B4FBC1A115381008A730F;
			remoteInfo = Postcard;
		};
/* End PBXContainerItemProxy section */

/* Begin PBXFileReference section */
		F46B4FBD1A115381008A730F /* Postcard.app */ = {isa = PBXFileReference; explicitFileType = wrapper.application; includeInIndex = 0; path = Postcard.app; sourceTree = BUILT_PRODUCTS_DIR; };
		F46B4FC11A115381008A730F /* Info.plist */ = {isa = PBXFileReference; lastKnownFileType = text.plist.xml; path = Info.plist; sourceTree = "<group>"; };
		F46B4FC21A115381008A730F /* AppDelegate.swift */ = {isa = PBXFileReference; lastKnownFileType = sourcecode.swift; path = AppDelegate.swift; sourceTree = "<group>"; };
		F46B4FC41A115381008A730F /* ViewController.swift */ = {isa = PBXFileReference; lastKnownFileType = sourcecode.swift; path = ViewController.swift; sourceTree = "<group>"; };
		F46B4FC71A115381008A730F /* Base */ = {isa = PBXFileReference; lastKnownFileType = file.storyboard; name = Base; path = Base.lproj/Main.storyboard; sourceTree = "<group>"; };
		F46B4FC91A115381008A730F /* Images.xcassets */ = {isa = PBXFileReference; lastKnownFileType = folder.assetcatalog; path = Images.xcassets; sourceTree = "<group>"; };
		F46B4FCC1A115381008A730F /* Base */ = {isa = PBXFileReference; lastKnownFileType = file.xib; name = Base; path = Base.lproj/LaunchScreen.xib; sourceTree = "<group>"; };
		F46B4FD21A115381008A730F /* PostcardTests.xctest */ = {isa = PBXFileReference; explicitFileType = wrapper.cfbundle; includeInIndex = 0; path = PostcardTests.xctest; sourceTree = BUILT_PRODUCTS_DIR; };
		F46B4FD71A115381008A730F /* Info.plist */ = {isa = PBXFileReference; lastKnownFileType = text.plist.xml; path = Info.plist; sourceTree = "<group>"; };
		F46B4FD81A115381008A730F /* PostcardTests.swift */ = {isa = PBXFileReference; lastKnownFileType = sourcecode.swift; path = PostcardTests.swift; sourceTree = "<group>"; };
/* End PBXFileReference section */

/* Begin PBXFrameworksBuildPhase section */
		F46B4FBA1A115381008A730F /* Frameworks */ = {
			isa = PBXFrameworksBuildPhase;
			buildActionMask = 2147483647;
			files = (
			);
			runOnlyForDeploymentPostprocessing = 0;
		};
		F46B4FCF1A115381008A730F /* Frameworks */ = {
			isa = PBXFrameworksBuildPhase;
			buildActionMask = 2147483647;
			files = (
			);
			runOnlyForDeploymentPostprocessing = 0;
		};
/* End PBXFrameworksBuildPhase section */

/* Begin PBXGroup section */
		F46B4FB41A115381008A730F = {
			isa = PBXGroup;
			children = (
				F46B4FBF1A115381008A730F /* Postcard */,
				F46B4FD51A115381008A730F /* PostcardTests */,
				F46B4FBE1A115381008A730F /* Products */,
			);
			sourceTree = "<group>";
		};
		F46B4FBE1A115381008A730F /* Products */ = {
			isa = PBXGroup;
			children = (
				F46B4FBD1A115381008A730F /* Postcard.app */,
				F46B4FD21A115381008A730F /* PostcardTests.xctest */,
			);
			name = Products;
			sourceTree = "<group>";
		};
		F46B4FBF1A115381008A730F /* Postcard */ = {
			isa = PBXGroup;
			children = (
				F46B4FC21A115381008A730F /* AppDelegate.swift */,
				F46B4FC41A115381008A730F /* ViewController.swift */,
				F46B4FC61A115381008A730F /* Main.storyboard */,
				F46B4FC91A115381008A730F /* Images.xcassets */,
				F46B4FCB1A115381008A730F /* LaunchScreen.xib */,
				F46B4FC01A115381008A730F /* Supporting Files */,
			);
			path = Postcard;
			sourceTree = "<group>";
		};
		F46B4FC01A115381008A730F /* Supporting Files */ = {
			isa = PBXGroup;
			children = (
				F46B4FC11A115381008A730F /* Info.plist */,
			);
			name = "Supporting Files";
			sourceTree = "<group>";
		};
		F46B4FD51A115381008A730F /* PostcardTests */ = {
			isa = PBXGroup;
			children = (
				F46B4FD81A115381008A730F /* PostcardTests.swift */,
				F46B4FD61A115381008A730F /* Supporting Files */,
			);
			path = PostcardTests;
			sourceTree = "<group>";
		};
		F46B4FD61A115381008A730F /* Supporting Files */ = {
			isa = PBXGroup;
			children = (
				F46B4FD71A115381008A730F /* Info.plist */,
			);
			name = "Supporting Files";
			sourceTree = "<group>";
		};
/* End PBXGroup section */

/* Begin PBXNativeTarget section */
		F46B4FBC1A115381008A730F /* Postcard */ = {
			isa = PBXNativeTarget;
			buildConfigurationList = F46B4FDC1A115381008A730F /* Build configuration list for PBXNativeTarget "Postcard" */;
			buildPhases = (
				F46B4FB91A115381008A730F /* Sources */,
				F46B4FBA1A115381008A730F /* Frameworks */,
				F46B4FBB1A115381008A730F /* Resources */,
			);
			buildRules = (
			);
			dependencies = (
			);
			name = Postcard;
			productName = Postcard;
			productReference = F46B4FBD1A115381008A730F /* Postcard.app */;
			productType = "com.apple.product-type.application";
		};
		F46B4FD11A115381008A730F /* PostcardTests */ = {
			isa = PBXNativeTarget;
			buildConfigurationList = F46B4FDF1A115381008A730F /* Build configuration list for PBXNativeTarget "PostcardTests" */;
			buildPhases = (
				F46B4FCE1A115381008A730F /* Sources */,
				F46B4FCF1A115381008A730F /* Frameworks */,
				F46B4FD01A115381008A730F /* Resources */,
			);
			buildRules = (
			);
			dependencies = (
				F46B4FD41A115381008A730F /* PBXTargetDependency */,
			);
			name = PostcardTests;
			productName = PostcardTests;
			productReference = F46B4FD21A115381008A730F /* PostcardTests.xctest */;
			productType = "com.apple.product-type.bundle.unit-test";
		};
/* End PBXNativeTarget section */

/* Begin PBXProject section */
		F46B4FB51A115381008A730F /* Project object */ = {
			isa = PBXProject;
			attributes = {
				LastUpgradeCheck = 0610;
				ORGANIZATIONNAME = "Jakob Dalsgaard Thøstesen";
				TargetAttributes = {
					F46B4FBC1A115381008A730F = {
						CreatedOnToolsVersion = 6.1;
					};
					F46B4FD11A115381008A730F = {
						CreatedOnToolsVersion = 6.1;
						TestTargetID = F46B4FBC1A115381008A730F;
					};
				};
			};
			buildConfigurationList = F46B4FB81A115381008A730F /* Build configuration list for PBXProject "Postcard" */;
			compatibilityVersion = "Xcode 3.2";
			developmentRegion = English;
			hasScannedForEncodings = 0;
			knownRegions = (
				en,
				Base,
			);
			mainGroup = F46B4FB41A115381008A730F;
			productRefGroup = F46B4FBE1A115381008A730F /* Products */;
			projectDirPath = "";
			projectRoot = "";
			targets = (
				F46B4FBC1A115381008A730F /* Postcard */,
				F46B4FD11A115381008A730F /* PostcardTests */,
			);
		};
/* End PBXProject section */

/* Begin PBXResourcesBuildPhase section */
		F46B4FBB1A115381008A730F /* Resources */ = {
			isa = PBXResourcesBuildPhase;
			buildActionMask = 2147483647;
			files = (
				F46B4FC81A115381008A730F /* Main.storyboard in Resources */,
				F46B4FCD1A115381008A730F /* LaunchScreen.xib in Resources */,
				F46B4FCA1A115381008A730F /* Images.xcassets in Resources */,
			);
			runOnlyForDeploymentPostprocessing = 0;
		};
		F46B4FD01A115381008A730F /* Resources */ = {
			isa = PBXResourcesBuildPhase;
			buildActionMask = 2147483647;
			files = (
			);
			runOnlyForDeploymentPostprocessing = 0;
		};
/* End PBXResourcesBuildPhase section */

/* Begin PBXSourcesBuildPhase section */
		F46B4FB91A115381008A730F /* Sources */ = {
			isa = PBXSourcesBuildPhase;
			buildActionMask = 2147483647;
			files = (
				F46B4FC51A115381008A730F /* ViewController.swift in Sources */,
				F46B4FC31A115381008A730F /* AppDelegate.swift in Sources */,
			);
			runOnlyForDeploymentPostprocessing = 0;
		};
		F46B4FCE1A115381008A730F /* Sources */ = {
			isa = PBXSourcesBuildPhase;
			buildActionMask = 2147483647;
			files = (
				F46B4FD91A115381008A730F /* PostcardTests.swift in Sources */,
			);
			runOnlyForDeploymentPostprocessing = 0;
		};
/* End PBXSourcesBuildPhase section */

/* Begin PBXTargetDependency section */
		F46B4FD41A115381008A730F /* PBXTargetDependency */ = {
			isa = PBXTargetDependency;
			target = F46B4FBC1A115381008A730F /* Postcard */;
			targetProxy = F46B4FD31A115381008A730F /* PBXContainerItemProxy */;
		};
/* End PBXTargetDependency section */

/* Begin PBXVariantGroup section */
		F46B4FC61A115381008A730F /* Main.storyboard */ = {
			isa = PBXVariantGroup;
			children = (
				F46B4FC71A115381008A730F /* Base */,
			);
			name = Main.storyboard;
			sourceTree = "<group>";
		};
		F46B4FCB1A115381008A730F /* LaunchScreen.xib */ = {
			isa = PBXVariantGroup;
			children = (
				F46B4FCC1A115381008A730F /* Base */,
			);
			name = LaunchScreen.xib;
			sourceTree = "<group>";
		};
/* End PBXVariantGroup section */

/* Begin XCBuildConfiguration section */
		F46B4FDA1A115381008A730F /* Debug */ = {
			isa = XCBuildConfiguration;
			buildSettings = {
				ALWAYS_SEARCH_USER_PATHS = NO;
				CLANG_CXX_LANGUAGE_STANDARD = "gnu++0x";
				CLANG_CXX_LIBRARY = "libc++";
				CLANG_ENABLE_MODULES = YES;
				CLANG_ENABLE_OBJC_ARC = YES;
				CLANG_WARN_BOOL_CONVERSION = YES;
				CLANG_WARN_CONSTANT_CONVERSION = YES;
				CLANG_WARN_DIRECT_OBJC_ISA_USAGE = YES_ERROR;
				CLANG_WARN_EMPTY_BODY = YES;
				CLANG_WARN_ENUM_CONVERSION = YES;
				CLANG_WARN_INT_CONVERSION = YES;
				CLANG_WARN_OBJC_ROOT_CLASS = YES_ERROR;
				CLANG_WARN_UNREACHABLE_CODE = YES;
				CLANG_WARN__DUPLICATE_METHOD_MATCH = YES;
				"CODE_SIGN_IDENTITY[sdk=iphoneos*]" = "iPhone Developer";
				COPY_PHASE_STRIP = NO;
				ENABLE_STRICT_OBJC_MSGSEND = YES;
				GCC_C_LANGUAGE_STANDARD = gnu99;
				GCC_DYNAMIC_NO_PIC = NO;
				GCC_OPTIMIZATION_LEVEL = 0;
				GCC_PREPROCESSOR_DEFINITIONS = (
					"DEBUG=1",
					"$(inherited)",
				);
				GCC_SYMBOLS_PRIVATE_EXTERN = NO;
				GCC_WARN_64_TO_32_BIT_CONVERSION = YES;
				GCC_WARN_ABOUT_RETURN_TYPE = YES_ERROR;
				GCC_WARN_UNDECLARED_SELECTOR = YES;
				GCC_WARN_UNINITIALIZED_AUTOS = YES_AGGRESSIVE;
				GCC_WARN_UNUSED_FUNCTION = YES;
				GCC_WARN_UNUSED_VARIABLE = YES;
				IPHONEOS_DEPLOYMENT_TARGET = 8.1;
				MTL_ENABLE_DEBUG_INFO = YES;
				ONLY_ACTIVE_ARCH = YES;
				SDKROOT = iphoneos;
				SWIFT_OPTIMIZATION_LEVEL = "-Onone";
				TARGETED_DEVICE_FAMILY = "1,2";
			};
			name = Debug;
		};
		F46B4FDB1A115381008A730F /* Release */ = {
			isa = XCBuildConfiguration;
			buildSettings = {
				ALWAYS_SEARCH_USER_PATHS = NO;
				CLANG_CXX_LANGUAGE_STANDARD = "gnu++0x";
				CLANG_CXX_LIBRARY = "libc++";
				CLANG_ENABLE_MODULES = YES;
				CLANG_ENABLE_OBJC_ARC = YES;
				CLANG_WARN_BOOL_CONVERSION = YES;
				CLANG_WARN_CONSTANT_CONVERSION = YES;
				CLANG_WARN_DIRECT_OBJC_ISA_USAGE = YES_ERROR;
				CLANG_WARN_EMPTY_BODY = YES;
				CLANG_WARN_ENUM_CONVERSION = YES;
				CLANG_WARN_INT_CONVERSION = YES;
				CLANG_WARN_OBJC_ROOT_CLASS = YES_ERROR;
				CLANG_WARN_UNREACHABLE_CODE = YES;
				CLANG_WARN__DUPLICATE_METHOD_MATCH = YES;
				"CODE_SIGN_IDENTITY[sdk=iphoneos*]" = "iPhone Developer";
				COPY_PHASE_STRIP = YES;
				ENABLE_NS_ASSERTIONS = NO;
				ENABLE_STRICT_OBJC_MSGSEND = YES;
				GCC_C_LANGUAGE_STANDARD = gnu99;
				GCC_WARN_64_TO_32_BIT_CONVERSION = YES;
				GCC_WARN_ABOUT_RETURN_TYPE = YES_ERROR;
				GCC_WARN_UNDECLARED_SELECTOR = YES;
				GCC_WARN_UNINITIALIZED_AUTOS = YES_AGGRESSIVE;
				GCC_WARN_UNUSED_FUNCTION = YES;
				GCC_WARN_UNUSED_VARIABLE = YES;
				IPHONEOS_DEPLOYMENT_TARGET = 8.1;
				MTL_ENABLE_DEBUG_INFO = NO;
				SDKROOT = iphoneos;
				TARGETED_DEVICE_FAMILY = "1,2";
				VALIDATE_PRODUCT = YES;
			};
			name = Release;
		};
		F46B4FDD1A115381008A730F /* Debug */ = {
			isa = XCBuildConfiguration;
			buildSettings = {
				ASSETCATALOG_COMPILER_APPICON_NAME = AppIcon;
				INFOPLIST_FILE = Postcard/Info.plist;
				LD_RUNPATH_SEARCH_PATHS = "$(inherited) @executable_path/Frameworks";
				PRODUCT_NAME = "$(TARGET_NAME)";
			};
			name = Debug;
		};
		F46B4FDE1A115381008A730F /* Release */ = {
			isa = XCBuildConfiguration;
			buildSettings = {
				ASSETCATALOG_COMPILER_APPICON_NAME = AppIcon;
				INFOPLIST_FILE = Postcard/Info.plist;
				LD_RUNPATH_SEARCH_PATHS = "$(inherited) @executable_path/Frameworks";
				PRODUCT_NAME = "$(TARGET_NAME)";
			};
			name = Release;
		};
		F46B4FE01A115381008A730F /* Debug */ = {
			isa = XCBuildConfiguration;
			buildSettings = {
				BUNDLE_LOADER = "$(TEST_HOST)";
				FRAMEWORK_SEARCH_PATHS = (
					"$(SDKROOT)/Developer/Library/Frameworks",
					"$(inherited)",
				);
				GCC_PREPROCESSOR_DEFINITIONS = (
					"DEBUG=1",
					"$(inherited)",
				);
				INFOPLIST_FILE = PostcardTests/Info.plist;
				LD_RUNPATH_SEARCH_PATHS = "$(inherited) @executable_path/Frameworks @loader_path/Frameworks";
				PRODUCT_NAME = "$(TARGET_NAME)";
				TEST_HOST = "$(BUILT_PRODUCTS_DIR)/Postcard.app/Postcard";
			};
			name = Debug;
		};
		F46B4FE11A115381008A730F /* Release */ = {
			isa = XCBuildConfiguration;
			buildSettings = {
				BUNDLE_LOADER = "$(TEST_HOST)";
				FRAMEWORK_SEARCH_PATHS = (
					"$(SDKROOT)/Developer/Library/Frameworks",
					"$(inherited)",
				);
				INFOPLIST_FILE = PostcardTests/Info.plist;
				LD_RUNPATH_SEARCH_PATHS = "$(inherited) @executable_path/Frameworks @loader_path/Frameworks";
				PRODUCT_NAME = "$(TARGET_NAME)";
				TEST_HOST = "$(BUILT_PRODUCTS_DIR)/Postcard.app/Postcard";
			};
			name = Release;
		};
/* End XCBuildConfiguration section */

/* Begin XCConfigurationList section */
		F46B4FB81A115381008A730F /* Build configuration list for PBXProject "Postcard" */ = {
			isa = XCConfigurationList;
			buildConfigurations = (
				F46B4FDA1A115381008A730F /* Debug */,
				F46B4FDB1A115381008A730F /* Release */,
			);
			defaultConfigurationIsVisible = 0;
			defaultConfigurationName = Release;
		};
		F46B4FDC1A115381008A730F /* Build configuration list for PBXNativeTarget "Postcard" */ = {
			isa = XCConfigurationList;
			buildConfigurations = (
				F46B4FDD1A115381008A730F /* Debug */,
				F46B4FDE1A115381008A730F /* Release */,
			);
			defaultConfigurationIsVisible = 0;
		};
		F46B4FDF1A115381008A730F /* Build configuration list for PBXNativeTarget "PostcardTests" */ = {
			isa = XCConfigurationList;
			buildConfigurations = (
				F46B4FE01A115381008A730F /* Debug */,
				F46B4FE11A115381008A730F /* Release */,
			);
			defaultConfigurationIsVisible = 0;
		};
/* End XCConfigurationList section */
	};
	rootObject = F46B4FB51A115381008A730F /* Project object */;
}
